{
  "requires": true,
  "lockfileVersion": 1,
  "dependencies": {
    "@types/node": {
      "version": "20.6.0",
      "resolved": "https://registry.npmjs.org/@types/node/-/node-20.6.0.tgz",
      "integrity": "sha512-najjVq5KN2vsH2U/xyh2opaSEz6cZMR2SetLIlxlj08nOcmPOemJmUK2o4kUzfLqfrWE0PIrNeE16XhYDd3nqg==",
      "dev": true
    },
    "@types/ws": {
      "version": "8.5.5",
      "resolved": "https://registry.npmjs.org/@types/ws/-/ws-8.5.5.tgz",
      "integrity": "sha512-lwhs8hktwxSjf9UaZ9tG5M03PGogvFaH8gUgLNbN9HKIg0dvv6q+gkSuJ8HN4/VbyxkuLzCjlN7GquQ0gUJfIg==",
      "dev": true,
      "requires": {
        "@types/node": "*"
      }
    },
    "types-registry": {
      "version": "0.1.684",
      "resolved": "https://registry.npmjs.org/types-registry/-/types-registry-0.1.684.tgz",
      "integrity": "sha512-B6v+g9M+7IJSc1w2THOmTuRKvd/ACxZTGXM18E8MzpHWx1mGUvGGT+RXsSnxNpyqtbjWLeXj8uyyu/MxVOS3xw=="
    }
  }
}
